{
  "name": "codekit-project",
  "version": "1.0.0",
  "lockfileVersion": 1,
  "requires": true,
  "dependencies": {
    "gsap": {
      "version": "file:gsap-bonus.tgz",
      "integrity": "sha512-7CCtplX30SzpiQGkF8bj4o7V+TnozD5027uk//IB5jdWiTGknjx+Ym8uBMwnKwg+LkZO00+pfitBWTLShVQl2g=="
    }
  }
}
